
Microsoft Visual Studio Solution File, Format Version 12.00
# Visual Studio 2013
VisualStudioVersion = 12.0.40629.0
MinimumVisualStudioVersion = 10.0.40219.1
Project("{FAE04EC0-301F-11D3-BF4B-00C04F79EFBC}") = "ChatServer", "ChatServer\ChatServer.csproj", "{9463AE31-7BB8-49CE-8E20-74D797E99364}"
EndProject
Project("{FAE04EC0-301F-11D3-BF4B-00C04F79EFBC}") = "SharedMessages", "SharedMessages\SharedMessages.csproj", "{332FDEE5-2C93-4EE1-98F8-E34178FC494D}"
EndProject
Project("{FAE04EC0-301F-11D3-BF4B-00C04F79EFBC}") = "ChatClient", "ChatClient\ChatClient.csproj", "{A49DE352-41EB-498C-BF7B-3B3C5C595B47}"
EndProject
Project("{FAE04EC0-301F-11D3-BF4B-00C04F79EFBC}") = "Node2", "Node2\Node2.csproj", "{192C70B9-9B33-4E61-B0AE-027C5D3FD38B}"
EndProject
Project("{FAE04EC0-301F-11D3-BF4B-00C04F79EFBC}") = "Node1", "Node1\Node1.csproj", "{7FFE55C2-88A5-4199-B0D8-A402C66BE331}"
EndProject
Project("{FAE04EC0-301F-11D3-BF4B-00C04F79EFBC}") = "SharedActors", "SharedActors\SharedActors.csproj", "{42431150-1F28-4E98-A476-0E992D47D8D3}"
EndProject
Project("{2150E333-8FDC-42A3-9474-1A3956D46DE8}") = "Chat", "Chat", "{A09D8E8A-C4D4-4B6E-A91C-3E4A5EEE0157}"
EndProject
Project("{2150E333-8FDC-42A3-9474-1A3956D46DE8}") = "RemoteNodes", "RemoteNodes", "{D15105F4-62CE-48C7-9A59-C4C0B30A57AE}"
EndProject
Project("{FAE04EC0-301F-11D3-BF4B-00C04F79EFBC}") = "ExtraStuff", "ExtraStuff\ExtraStuff.csproj", "{BC1ABF22-5ECE-4899-9142-19BC50C1C2BE}"
EndProject
Project("{2150E333-8FDC-42A3-9474-1A3956D46DE8}") = "Extra", "Extra", "{9F077B8A-1228-476D-B3E1-944807CE06BE}"
EndProject
Project("{FAE04EC0-301F-11D3-BF4B-00C04F79EFBC}") = "HelloTest", "HelloTest\HelloTest.csproj", "{DA9EB592-CB34-48C8-970A-1D43E8A5D1A7}"
EndProject
Project("{FAE04EC0-301F-11D3-BF4B-00C04F79EFBC}") = "HelloWorldDDC", "HelloWorldDDC\HelloWorldDDC.csproj", "{C9105764-9A07-498A-B05B-FAE28181B90D}"
EndProject
Global
	GlobalSection(SolutionConfigurationPlatforms) = preSolution
		Debug|Any CPU = Debug|Any CPU
		Release|Any CPU = Release|Any CPU
	EndGlobalSection
	GlobalSection(ProjectConfigurationPlatforms) = postSolution
		{9463AE31-7BB8-49CE-8E20-74D797E99364}.Debug|Any CPU.ActiveCfg = Debug|Any CPU
		{9463AE31-7BB8-49CE-8E20-74D797E99364}.Debug|Any CPU.Build.0 = Debug|Any CPU
		{9463AE31-7BB8-49CE-8E20-74D797E99364}.Release|Any CPU.ActiveCfg = Release|Any CPU
		{9463AE31-7BB8-49CE-8E20-74D797E99364}.Release|Any CPU.Build.0 = Release|Any CPU
		{332FDEE5-2C93-4EE1-98F8-E34178FC494D}.Debug|Any CPU.ActiveCfg = Debug|Any CPU
		{332FDEE5-2C93-4EE1-98F8-E34178FC494D}.Debug|Any CPU.Build.0 = Debug|Any CPU
		{332FDEE5-2C93-4EE1-98F8-E34178FC494D}.Release|Any CPU.ActiveCfg = Release|Any CPU
		{332FDEE5-2C93-4EE1-98F8-E34178FC494D}.Release|Any CPU.Build.0 = Release|Any CPU
		{A49DE352-41EB-498C-BF7B-3B3C5C595B47}.Debug|Any CPU.ActiveCfg = Debug|Any CPU
		{A49DE352-41EB-498C-BF7B-3B3C5C595B47}.Debug|Any CPU.Build.0 = Debug|Any CPU
		{A49DE352-41EB-498C-BF7B-3B3C5C595B47}.Release|Any CPU.ActiveCfg = Release|Any CPU
		{A49DE352-41EB-498C-BF7B-3B3C5C595B47}.Release|Any CPU.Build.0 = Release|Any CPU
		{192C70B9-9B33-4E61-B0AE-027C5D3FD38B}.Debug|Any CPU.ActiveCfg = Debug|Any CPU
		{192C70B9-9B33-4E61-B0AE-027C5D3FD38B}.Debug|Any CPU.Build.0 = Debug|Any CPU
		{192C70B9-9B33-4E61-B0AE-027C5D3FD38B}.Release|Any CPU.ActiveCfg = Release|Any CPU
		{192C70B9-9B33-4E61-B0AE-027C5D3FD38B}.Release|Any CPU.Build.0 = Release|Any CPU
		{7FFE55C2-88A5-4199-B0D8-A402C66BE331}.Debug|Any CPU.ActiveCfg = Debug|Any CPU
		{7FFE55C2-88A5-4199-B0D8-A402C66BE331}.Debug|Any CPU.Build.0 = Debug|Any CPU
		{7FFE55C2-88A5-4199-B0D8-A402C66BE331}.Release|Any CPU.ActiveCfg = Release|Any CPU
		{7FFE55C2-88A5-4199-B0D8-A402C66BE331}.Release|Any CPU.Build.0 = Release|Any CPU
		{42431150-1F28-4E98-A476-0E992D47D8D3}.Debug|Any CPU.ActiveCfg = Debug|Any CPU
		{42431150-1F28-4E98-A476-0E992D47D8D3}.Debug|Any CPU.Build.0 = Debug|Any CPU
		{42431150-1F28-4E98-A476-0E992D47D8D3}.Release|Any CPU.ActiveCfg = Release|Any CPU
		{42431150-1F28-4E98-A476-0E992D47D8D3}.Release|Any CPU.Build.0 = Release|Any CPU
		{BC1ABF22-5ECE-4899-9142-19BC50C1C2BE}.Debug|Any CPU.ActiveCfg = Debug|Any CPU
		{BC1ABF22-5ECE-4899-9142-19BC50C1C2BE}.Release|Any CPU.ActiveCfg = Release|Any CPU
		{BC1ABF22-5ECE-4899-9142-19BC50C1C2BE}.Release|Any CPU.Build.0 = Release|Any CPU
		{DA9EB592-CB34-48C8-970A-1D43E8A5D1A7}.Debug|Any CPU.ActiveCfg = Debug|Any CPU
		{DA9EB592-CB34-48C8-970A-1D43E8A5D1A7}.Debug|Any CPU.Build.0 = Debug|Any CPU
		{DA9EB592-CB34-48C8-970A-1D43E8A5D1A7}.Release|Any CPU.ActiveCfg = Release|Any CPU
		{DA9EB592-CB34-48C8-970A-1D43E8A5D1A7}.Release|Any CPU.Build.0 = Release|Any CPU
		{C9105764-9A07-498A-B05B-FAE28181B90D}.Debug|Any CPU.ActiveCfg = Debug|Any CPU
		{C9105764-9A07-498A-B05B-FAE28181B90D}.Debug|Any CPU.Build.0 = Debug|Any CPU
		{C9105764-9A07-498A-B05B-FAE28181B90D}.Release|Any CPU.ActiveCfg = Release|Any CPU
		{C9105764-9A07-498A-B05B-FAE28181B90D}.Release|Any CPU.Build.0 = Release|Any CPU
	EndGlobalSection
	GlobalSection(SolutionProperties) = preSolution
		HideSolutionNode = FALSE
	EndGlobalSection
	GlobalSection(NestedProjects) = preSolution
		{9463AE31-7BB8-49CE-8E20-74D797E99364} = {A09D8E8A-C4D4-4B6E-A91C-3E4A5EEE0157}
		{332FDEE5-2C93-4EE1-98F8-E34178FC494D} = {A09D8E8A-C4D4-4B6E-A91C-3E4A5EEE0157}
		{A49DE352-41EB-498C-BF7B-3B3C5C595B47} = {A09D8E8A-C4D4-4B6E-A91C-3E4A5EEE0157}
		{192C70B9-9B33-4E61-B0AE-027C5D3FD38B} = {D15105F4-62CE-48C7-9A59-C4C0B30A57AE}
		{7FFE55C2-88A5-4199-B0D8-A402C66BE331} = {D15105F4-62CE-48C7-9A59-C4C0B30A57AE}
		{42431150-1F28-4E98-A476-0E992D47D8D3} = {D15105F4-62CE-48C7-9A59-C4C0B30A57AE}
		{BC1ABF22-5ECE-4899-9142-19BC50C1C2BE} = {9F077B8A-1228-476D-B3E1-944807CE06BE}
		{DA9EB592-CB34-48C8-970A-1D43E8A5D1A7} = {9F077B8A-1228-476D-B3E1-944807CE06BE}
	EndGlobalSection
EndGlobal
